
Microsoft Visual Studio Solution File, Format Version 12.00
# Visual Studio 15
VisualStudioVersion = 15.0.28307.1525
MinimumVisualStudioVersion = 10.0.40219.1
Project("{FAE04EC0-301F-11D3-BF4B-00C04F79EFBC}") = "Авторефераты.Android", "Авторефераты\Авторефераты.Android\Авторефераты.Android.csproj", "{02101A28-BF64-4DD8-ABD4-669FDB85BFF1}"
EndProject
Project("{FAE04EC0-301F-11D3-BF4B-00C04F79EFBC}") = "Авторефераты.iOS", "Авторефераты\Авторефераты.iOS\Авторефераты.iOS.csproj", "{8F828E58-DC4A-4FDF-A84C-0210DD1831AA}"
EndProject
Project("{FAE04EC0-301F-11D3-BF4B-00C04F79EFBC}") = "Авторефераты", "Авторефераты\Авторефераты\Авторефераты.csproj", "{32C294B3-A6DE-4263-A24B-F5A9432404F6}"
EndProject
Global
	GlobalSection(SolutionConfigurationPlatforms) = preSolution
		Ad-Hoc|Any CPU = Ad-Hoc|Any CPU
		Ad-Hoc|iPhone = Ad-Hoc|iPhone
		Ad-Hoc|iPhoneSimulator = Ad-Hoc|iPhoneSimulator
		AppStore|Any CPU = AppStore|Any CPU
		AppStore|iPhone = AppStore|iPhone
		AppStore|iPhoneSimulator = AppStore|iPhoneSimulator
		Debug|Any CPU = Debug|Any CPU
		Debug|iPhone = Debug|iPhone
		Debug|iPhoneSimulator = Debug|iPhoneSimulator
		Release|Any CPU = Release|Any CPU
		Release|iPhone = Release|iPhone
		Release|iPhoneSimulator = Release|iPhoneSimulator
	EndGlobalSection
	GlobalSection(ProjectConfigurationPlatforms) = postSolution
		{02101A28-BF64-4DD8-ABD4-669FDB85BFF1}.Ad-Hoc|Any CPU.ActiveCfg = Release|Any CPU
		{02101A28-BF64-4DD8-ABD4-669FDB85BFF1}.Ad-Hoc|Any CPU.Build.0 = Release|Any CPU
		{02101A28-BF64-4DD8-ABD4-669FDB85BFF1}.Ad-Hoc|Any CPU.Deploy.0 = Release|Any CPU
		{02101A28-BF64-4DD8-ABD4-669FDB85BFF1}.Ad-Hoc|iPhone.ActiveCfg = Release|Any CPU
		{02101A28-BF64-4DD8-ABD4-669FDB85BFF1}.Ad-Hoc|iPhone.Build.0 = Release|Any CPU
		{02101A28-BF64-4DD8-ABD4-669FDB85BFF1}.Ad-Hoc|iPhone.Deploy.0 = Release|Any CPU
		{02101A28-BF64-4DD8-ABD4-669FDB85BFF1}.Ad-Hoc|iPhoneSimulator.ActiveCfg = Release|Any CPU
		{02101A28-BF64-4DD8-ABD4-669FDB85BFF1}.Ad-Hoc|iPhoneSimulator.Build.0 = Release|Any CPU
		{02101A28-BF64-4DD8-ABD4-669FDB85BFF1}.Ad-Hoc|iPhoneSimulator.Deploy.0 = Release|Any CPU
		{02101A28-BF64-4DD8-ABD4-669FDB85BFF1}.AppStore|Any CPU.ActiveCfg = Release|Any CPU
		{02101A28-BF64-4DD8-ABD4-669FDB85BFF1}.AppStore|Any CPU.Build.0 = Release|Any CPU
		{02101A28-BF64-4DD8-ABD4-669FDB85BFF1}.AppStore|Any CPU.Deploy.0 = Release|Any CPU
		{02101A28-BF64-4DD8-ABD4-669FDB85BFF1}.AppStore|iPhone.ActiveCfg = Release|Any CPU
		{02101A28-BF64-4DD8-ABD4-669FDB85BFF1}.AppStore|iPhone.Build.0 = Release|Any CPU
		{02101A28-BF64-4DD8-ABD4-669FDB85BFF1}.AppStore|iPhone.Deploy.0 = Release|Any CPU
		{02101A28-BF64-4DD8-ABD4-669FDB85BFF1}.AppStore|iPhoneSimulator.ActiveCfg = Release|Any CPU
		{02101A28-BF64-4DD8-ABD4-669FDB85BFF1}.AppStore|iPhoneSimulator.Build.0 = Release|Any CPU
		{02101A28-BF64-4DD8-ABD4-669FDB85BFF1}.AppStore|iPhoneSimulator.Deploy.0 = Release|Any CPU
		{02101A28-BF64-4DD8-ABD4-669FDB85BFF1}.Debug|Any CPU.ActiveCfg = Debug|Any CPU
		{02101A28-BF64-4DD8-ABD4-669FDB85BFF1}.Debug|Any CPU.Build.0 = Debug|Any CPU
		{02101A28-BF64-4DD8-ABD4-669FDB85BFF1}.Debug|Any CPU.Deploy.0 = Debug|Any CPU
		{02101A28-BF64-4DD8-ABD4-669FDB85BFF1}.Debug|iPhone.ActiveCfg = Debug|Any CPU
		{02101A28-BF64-4DD8-ABD4-669FDB85BFF1}.Debug|iPhone.Build.0 = Debug|Any CPU
		{02101A28-BF64-4DD8-ABD4-669FDB85BFF1}.Debug|iPhone.Deploy.0 = Debug|Any CPU
		{02101A28-BF64-4DD8-ABD4-669FDB85BFF1}.Debug|iPhoneSimulator.ActiveCfg = Debug|Any CPU
		{02101A28-BF64-4DD8-ABD4-669FDB85BFF1}.Debug|iPhoneSimulator.Build.0 = Debug|Any CPU
		{02101A28-BF64-4DD8-ABD4-669FDB85BFF1}.Debug|iPhoneSimulator.Deploy.0 = Debug|Any CPU
		{02101A28-BF64-4DD8-ABD4-669FDB85BFF1}.Release|Any CPU.ActiveCfg = Release|Any CPU
		{02101A28-BF64-4DD8-ABD4-669FDB85BFF1}.Release|Any CPU.Build.0 = Release|Any CPU
		{02101A28-BF64-4DD8-ABD4-669FDB85BFF1}.Release|Any CPU.Deploy.0 = Release|Any CPU
		{02101A28-BF64-4DD8-ABD4-669FDB85BFF1}.Release|iPhone.ActiveCfg = Release|Any CPU
		{02101A28-BF64-4DD8-ABD4-669FDB85BFF1}.Release|iPhone.Build.0 = Release|Any CPU
		{02101A28-BF64-4DD8-ABD4-669FDB85BFF1}.Release|iPhone.Deploy.0 = Release|Any CPU
		{02101A28-BF64-4DD8-ABD4-669FDB85BFF1}.Release|iPhoneSimulator.ActiveCfg = Release|Any CPU
		{02101A28-BF64-4DD8-ABD4-669FDB85BFF1}.Release|iPhoneSimulator.Build.0 = Release|Any CPU
		{02101A28-BF64-4DD8-ABD4-669FDB85BFF1}.Release|iPhoneSimulator.Deploy.0 = Release|Any CPU
		{8F828E58-DC4A-4FDF-A84C-0210DD1831AA}.Ad-Hoc|Any CPU.ActiveCfg = Ad-Hoc|iPhone
		{8F828E58-DC4A-4FDF-A84C-0210DD1831AA}.Ad-Hoc|Any CPU.Build.0 = Ad-Hoc|iPhone
		{8F828E58-DC4A-4FDF-A84C-0210DD1831AA}.Ad-Hoc|Any CPU.Deploy.0 = Ad-Hoc|iPhone
		{8F828E58-DC4A-4FDF-A84C-0210DD1831AA}.Ad-Hoc|iPhone.ActiveCfg = Ad-Hoc|iPhone
		{8F828E58-DC4A-4FDF-A84C-0210DD1831AA}.Ad-Hoc|iPhone.Build.0 = Ad-Hoc|iPhone
		{8F828E58-DC4A-4FDF-A84C-0210DD1831AA}.Ad-Hoc|iPhone.Deploy.0 = Ad-Hoc|iPhone
		{8F828E58-DC4A-4FDF-A84C-0210DD1831AA}.Ad-Hoc|iPhoneSimulator.ActiveCfg = Ad-Hoc|iPhoneSimulator
		{8F828E58-DC4A-4FDF-A84C-0210DD1831AA}.Ad-Hoc|iPhoneSimulator.Build.0 = Ad-Hoc|iPhoneSimulator
		{8F828E58-DC4A-4FDF-A84C-0210DD1831AA}.Ad-Hoc|iPhoneSimulator.Deploy.0 = Ad-Hoc|iPhoneSimulator
		{8F828E58-DC4A-4FDF-A84C-0210DD1831AA}.AppStore|Any CPU.ActiveCfg = AppStore|iPhone
		{8F828E58-DC4A-4FDF-A84C-0210DD1831AA}.AppStore|Any CPU.Build.0 = AppStore|iPhone
		{8F828E58-DC4A-4FDF-A84C-0210DD1831AA}.AppStore|Any CPU.Deploy.0 = AppStore|iPhone
		{8F828E58-DC4A-4FDF-A84C-0210DD1831AA}.AppStore|iPhone.ActiveCfg = AppStore|iPhone
		{8F828E58-DC4A-4FDF-A84C-0210DD1831AA}.AppStore|iPhone.Build.0 = AppStore|iPhone
		{8F828E58-DC4A-4FDF-A84C-0210DD1831AA}.AppStore|iPhone.Deploy.0 = AppStore|iPhone
		{8F828E58-DC4A-4FDF-A84C-0210DD1831AA}.AppStore|iPhoneSimulator.ActiveCfg = AppStore|iPhoneSimulator
		{8F828E58-DC4A-4FDF-A84C-0210DD1831AA}.AppStore|iPhoneSimulator.Build.0 = AppStore|iPhoneSimulator
		{8F828E58-DC4A-4FDF-A84C-0210DD1831AA}.AppStore|iPhoneSimulator.Deploy.0 = AppStore|iPhoneSimulator
		{8F828E58-DC4A-4FDF-A84C-0210DD1831AA}.Debug|Any CPU.ActiveCfg = Debug|iPhoneSimulator
		{8F828E58-DC4A-4FDF-A84C-0210DD1831AA}.Debug|Any CPU.Build.0 = Debug|iPhoneSimulator
		{8F828E58-DC4A-4FDF-A84C-0210DD1831AA}.Debug|Any CPU.Deploy.0 = Debug|iPhoneSimulator
		{8F828E58-DC4A-4FDF-A84C-0210DD1831AA}.Debug|iPhone.ActiveCfg = Debug|iPhone
		{8F828E58-DC4A-4FDF-A84C-0210DD1831AA}.Debug|iPhone.Build.0 = Debug|iPhone
		{8F828E58-DC4A-4FDF-A84C-0210DD1831AA}.Debug|iPhone.Deploy.0 = Debug|iPhone
		{8F828E58-DC4A-4FDF-A84C-0210DD1831AA}.Debug|iPhoneSimulator.ActiveCfg = Debug|iPhoneSimulator
		{8F828E58-DC4A-4FDF-A84C-0210DD1831AA}.Debug|iPhoneSimulator.Build.0 = Debug|iPhoneSimulator
		{8F828E58-DC4A-4FDF-A84C-0210DD1831AA}.Debug|iPhoneSimulator.Deploy.0 = Debug|iPhoneSimulator
		{8F828E58-DC4A-4FDF-A84C-0210DD1831AA}.Release|Any CPU.ActiveCfg = Release|iPhone
		{8F828E58-DC4A-4FDF-A84C-0210DD1831AA}.Release|Any CPU.Build.0 = Release|iPhone
		{8F828E58-DC4A-4FDF-A84C-0210DD1831AA}.Release|Any CPU.Deploy.0 = Release|iPhone
		{8F828E58-DC4A-4FDF-A84C-0210DD1831AA}.Release|iPhone.ActiveCfg = Release|iPhone
		{8F828E58-DC4A-4FDF-A84C-0210DD1831AA}.Release|iPhone.Build.0 = Release|iPhone
		{8F828E58-DC4A-4FDF-A84C-0210DD1831AA}.Release|iPhone.Deploy.0 = Release|iPhone
		{8F828E58-DC4A-4FDF-A84C-0210DD1831AA}.Release|iPhoneSimulator.ActiveCfg = Release|iPhoneSimulator
		{8F828E58-DC4A-4FDF-A84C-0210DD1831AA}.Release|iPhoneSimulator.Build.0 = Release|iPhoneSimulator
		{8F828E58-DC4A-4FDF-A84C-0210DD1831AA}.Release|iPhoneSimulator.Deploy.0 = Release|iPhoneSimulator
		{32C294B3-A6DE-4263-A24B-F5A9432404F6}.Ad-Hoc|Any CPU.ActiveCfg = Debug|Any CPU
		{32C294B3-A6DE-4263-A24B-F5A9432404F6}.Ad-Hoc|Any CPU.Build.0 = Debug|Any CPU
		{32C294B3-A6DE-4263-A24B-F5A9432404F6}.Ad-Hoc|Any CPU.Deploy.0 = Debug|Any CPU
		{32C294B3-A6DE-4263-A24B-F5A9432404F6}.Ad-Hoc|iPhone.ActiveCfg = Debug|Any CPU
		{32C294B3-A6DE-4263-A24B-F5A9432404F6}.Ad-Hoc|iPhone.Build.0 = Debug|Any CPU
		{32C294B3-A6DE-4263-A24B-F5A9432404F6}.Ad-Hoc|iPhone.Deploy.0 = Debug|Any CPU
		{32C294B3-A6DE-4263-A24B-F5A9432404F6}.Ad-Hoc|iPhoneSimulator.ActiveCfg = Debug|Any CPU
		{32C294B3-A6DE-4263-A24B-F5A9432404F6}.Ad-Hoc|iPhoneSimulator.Build.0 = Debug|Any CPU
		{32C294B3-A6DE-4263-A24B-F5A9432404F6}.Ad-Hoc|iPhoneSimulator.Deploy.0 = Debug|Any CPU
		{32C294B3-A6DE-4263-A24B-F5A9432404F6}.AppStore|Any CPU.ActiveCfg = Debug|Any CPU
		{32C294B3-A6DE-4263-A24B-F5A9432404F6}.AppStore|Any CPU.Build.0 = Debug|Any CPU
		{32C294B3-A6DE-4263-A24B-F5A9432404F6}.AppStore|Any CPU.Deploy.0 = Debug|Any CPU
		{32C294B3-A6DE-4263-A24B-F5A9432404F6}.AppStore|iPhone.ActiveCfg = Debug|Any CPU
		{32C294B3-A6DE-4263-A24B-F5A9432404F6}.AppStore|iPhone.Build.0 = Debug|Any CPU
		{32C294B3-A6DE-4263-A24B-F5A9432404F6}.AppStore|iPhone.Deploy.0 = Debug|Any CPU
		{32C294B3-A6DE-4263-A24B-F5A9432404F6}.AppStore|iPhoneSimulator.ActiveCfg = Debug|Any CPU
		{32C294B3-A6DE-4263-A24B-F5A9432404F6}.AppStore|iPhoneSimulator.Build.0 = Debug|Any CPU
		{32C294B3-A6DE-4263-A24B-F5A9432404F6}.AppStore|iPhoneSimulator.Deploy.0 = Debug|Any CPU
		{32C294B3-A6DE-4263-A24B-F5A9432404F6}.Debug|Any CPU.ActiveCfg = Debug|Any CPU
		{32C294B3-A6DE-4263-A24B-F5A9432404F6}.Debug|Any CPU.Build.0 = Debug|Any CPU
		{32C294B3-A6DE-4263-A24B-F5A9432404F6}.Debug|Any CPU.Deploy.0 = Debug|Any CPU
		{32C294B3-A6DE-4263-A24B-F5A9432404F6}.Debug|iPhone.ActiveCfg = Debug|Any CPU
		{32C294B3-A6DE-4263-A24B-F5A9432404F6}.Debug|iPhone.Build.0 = Debug|Any CPU
		{32C294B3-A6DE-4263-A24B-F5A9432404F6}.Debug|iPhone.Deploy.0 = Debug|Any CPU
		{32C294B3-A6DE-4263-A24B-F5A9432404F6}.Debug|iPhoneSimulator.ActiveCfg = Debug|Any CPU
		{32C294B3-A6DE-4263-A24B-F5A9432404F6}.Debug|iPhoneSimulator.Build.0 = Debug|Any CPU
		{32C294B3-A6DE-4263-A24B-F5A9432404F6}.Debug|iPhoneSimulator.Deploy.0 = Debug|Any CPU
		{32C294B3-A6DE-4263-A24B-F5A9432404F6}.Release|Any CPU.ActiveCfg = Release|Any CPU
		{32C294B3-A6DE-4263-A24B-F5A9432404F6}.Release|Any CPU.Build.0 = Release|Any CPU
		{32C294B3-A6DE-4263-A24B-F5A9432404F6}.Release|Any CPU.Deploy.0 = Release|Any CPU
		{32C294B3-A6DE-4263-A24B-F5A9432404F6}.Release|iPhone.ActiveCfg = Release|Any CPU
		{32C294B3-A6DE-4263-A24B-F5A9432404F6}.Release|iPhone.Build.0 = Release|Any CPU
		{32C294B3-A6DE-4263-A24B-F5A9432404F6}.Release|iPhone.Deploy.0 = Release|Any CPU
		{32C294B3-A6DE-4263-A24B-F5A9432404F6}.Release|iPhoneSimulator.ActiveCfg = Release|Any CPU
		{32C294B3-A6DE-4263-A24B-F5A9432404F6}.Release|iPhoneSimulator.Build.0 = Release|Any CPU
		{32C294B3-A6DE-4263-A24B-F5A9432404F6}.Release|iPhoneSimulator.Deploy.0 = Release|Any CPU
	EndGlobalSection
	GlobalSection(SolutionProperties) = preSolution
		HideSolutionNode = FALSE
	EndGlobalSection
	GlobalSection(ExtensibilityGlobals) = postSolution
		SolutionGuid = {244C965B-D6B5-4A53-AC7A-3406D5D7519C}
	EndGlobalSection
EndGlobal
